
Microsoft Visual Studio Solution File, Format Version 12.00
# Visual Studio 15
Project("{FAE04EC0-301F-11D3-BF4B-00C04F79EFBC}") = "Teachify.Android", "Teachify.Android\Teachify.Android.csproj", "{3B0D57E5-9FB1-45EA-9C46-D8D279965E34}"
EndProject
Project("{FAE04EC0-301F-11D3-BF4B-00C04F79EFBC}") = "Teachify.iOS", "Teachify.iOS\Teachify.iOS.csproj", "{BE40CDE7-2201-41D6-8D87-90F3E259DD06}"
EndProject
Project("{FAE04EC0-301F-11D3-BF4B-00C04F79EFBC}") = "Teachify", "Teachify\Teachify.csproj", "{8D9B796A-6454-4DB0-B659-C23BAF046870}"
EndProject
Global
	GlobalSection(SolutionConfigurationPlatforms) = preSolution
		Debug|Any CPU = Debug|Any CPU
		Release|Any CPU = Release|Any CPU
		Debug|iPhoneSimulator = Debug|iPhoneSimulator
		Release|iPhoneSimulator = Release|iPhoneSimulator
		Debug|iPhone = Debug|iPhone
		Release|iPhone = Release|iPhone
	EndGlobalSection
	GlobalSection(ProjectConfigurationPlatforms) = postSolution
		{3B0D57E5-9FB1-45EA-9C46-D8D279965E34}.Debug|Any CPU.ActiveCfg = Debug|Any CPU
		{3B0D57E5-9FB1-45EA-9C46-D8D279965E34}.Debug|Any CPU.Build.0 = Debug|Any CPU
		{3B0D57E5-9FB1-45EA-9C46-D8D279965E34}.Release|Any CPU.ActiveCfg = Release|Any CPU
		{3B0D57E5-9FB1-45EA-9C46-D8D279965E34}.Release|Any CPU.Build.0 = Release|Any CPU
		{3B0D57E5-9FB1-45EA-9C46-D8D279965E34}.Debug|iPhoneSimulator.ActiveCfg = Debug|Any CPU
		{3B0D57E5-9FB1-45EA-9C46-D8D279965E34}.Debug|iPhoneSimulator.Build.0 = Debug|Any CPU
		{3B0D57E5-9FB1-45EA-9C46-D8D279965E34}.Release|iPhoneSimulator.ActiveCfg = Release|Any CPU
		{3B0D57E5-9FB1-45EA-9C46-D8D279965E34}.Release|iPhoneSimulator.Build.0 = Release|Any CPU
		{3B0D57E5-9FB1-45EA-9C46-D8D279965E34}.Debug|iPhone.ActiveCfg = Debug|Any CPU
		{3B0D57E5-9FB1-45EA-9C46-D8D279965E34}.Debug|iPhone.Build.0 = Debug|Any CPU
		{3B0D57E5-9FB1-45EA-9C46-D8D279965E34}.Release|iPhone.ActiveCfg = Release|Any CPU
		{3B0D57E5-9FB1-45EA-9C46-D8D279965E34}.Release|iPhone.Build.0 = Release|Any CPU
		{BE40CDE7-2201-41D6-8D87-90F3E259DD06}.Debug|Any CPU.ActiveCfg = Debug|iPhoneSimulator
		{BE40CDE7-2201-41D6-8D87-90F3E259DD06}.Debug|Any CPU.Build.0 = Debug|iPhoneSimulator
		{BE40CDE7-2201-41D6-8D87-90F3E259DD06}.Release|Any CPU.ActiveCfg = Release|iPhoneSimulator
		{BE40CDE7-2201-41D6-8D87-90F3E259DD06}.Release|Any CPU.Build.0 = Release|iPhoneSimulator
		{BE40CDE7-2201-41D6-8D87-90F3E259DD06}.Debug|iPhoneSimulator.ActiveCfg = Debug|iPhoneSimulator
		{BE40CDE7-2201-41D6-8D87-90F3E259DD06}.Debug|iPhoneSimulator.Build.0 = Debug|iPhoneSimulator
		{BE40CDE7-2201-41D6-8D87-90F3E259DD06}.Release|iPhoneSimulator.ActiveCfg = Release|iPhoneSimulator
		{BE40CDE7-2201-41D6-8D87-90F3E259DD06}.Release|iPhoneSimulator.Build.0 = Release|iPhoneSimulator
		{BE40CDE7-2201-41D6-8D87-90F3E259DD06}.Debug|iPhone.ActiveCfg = Debug|iPhone
		{BE40CDE7-2201-41D6-8D87-90F3E259DD06}.Debug|iPhone.Build.0 = Debug|iPhone
		{BE40CDE7-2201-41D6-8D87-90F3E259DD06}.Release|iPhone.ActiveCfg = Release|iPhone
		{BE40CDE7-2201-41D6-8D87-90F3E259DD06}.Release|iPhone.Build.0 = Release|iPhone
		{8D9B796A-6454-4DB0-B659-C23BAF046870}.Debug|Any CPU.ActiveCfg = Debug|Any CPU
		{8D9B796A-6454-4DB0-B659-C23BAF046870}.Debug|Any CPU.Build.0 = Debug|Any CPU
		{8D9B796A-6454-4DB0-B659-C23BAF046870}.Release|Any CPU.ActiveCfg = Release|Any CPU
		{8D9B796A-6454-4DB0-B659-C23BAF046870}.Release|Any CPU.Build.0 = Release|Any CPU
		{8D9B796A-6454-4DB0-B659-C23BAF046870}.Debug|iPhoneSimulator.ActiveCfg = Debug|Any CPU
		{8D9B796A-6454-4DB0-B659-C23BAF046870}.Debug|iPhoneSimulator.Build.0 = Debug|Any CPU
		{8D9B796A-6454-4DB0-B659-C23BAF046870}.Release|iPhoneSimulator.ActiveCfg = Release|Any CPU
		{8D9B796A-6454-4DB0-B659-C23BAF046870}.Release|iPhoneSimulator.Build.0 = Release|Any CPU
		{8D9B796A-6454-4DB0-B659-C23BAF046870}.Debug|iPhone.ActiveCfg = Debug|Any CPU
		{8D9B796A-6454-4DB0-B659-C23BAF046870}.Debug|iPhone.Build.0 = Debug|Any CPU
		{8D9B796A-6454-4DB0-B659-C23BAF046870}.Release|iPhone.ActiveCfg = Release|Any CPU
		{8D9B796A-6454-4DB0-B659-C23BAF046870}.Release|iPhone.Build.0 = Release|Any CPU
	EndGlobalSection
EndGlobal
